{
  "name": "codebase",
  "version": "1.0.0",
  "lockfileVersion": 1,
  "requires": true,
  "dependencies": {
    "@babel/helper-validator-identifier": {
      "version": "7.14.5",
      "resolved": "https://nus.geely.com/repository/npm-group/@babel/helper-validator-identifier/-/helper-validator-identifier-7.14.5.tgz",
      "integrity": "sha1-0PDid8US4Mk4J3+qhaOWjJpEwOg="
    },
    "@babel/parser": {
      "version": "7.14.7",
      "resolved": "https://nus.geely.com/repository/npm-group/@babel/parser/-/parser-7.14.7.tgz",
      "integrity": "sha1-YJlyDIg5yoZaJjfmyFhS6tC9tZU="
    },
    "@babel/types": {
      "version": "7.14.5",
      "resolved": "https://nus.geely.com/repository/npm-group/@babel/types/-/types-7.14.5.tgz",
      "integrity": "sha1-O7mXuoKaIQTO2yBonEpbgSHTg/8=",
      "requires": {
        "@babel/helper-validator-identifier": "^7.14.5",
        "to-fast-properties": "^2.0.0"
      }
    },
    "@vue/compiler-core": {
      "version": "3.1.2",
      "resolved": "https://nus.geely.com/repository/npm-group/@vue/compiler-core/-/compiler-core-3.1.2.tgz",
      "integrity": "sha1-MasdiOFwalx6VF+u62TDG9AQHbA=",
      "requires": {
        "@babel/parser": "^7.12.0",
        "@babel/types": "^7.12.0",
        "@vue/shared": "3.1.2",
        "estree-walker": "^2.0.1",
        "source-map": "^0.6.1"
      }
    },
    "@vue/compiler-dom": {
      "version": "3.1.2",
      "resolved": "https://nus.geely.com/repository/npm-group/@vue/compiler-dom/-/compiler-dom-3.1.2.tgz",
      "integrity": "sha1-dadzG8xdlxgYOjxWwY6ZL3wT57E=",
      "requires": {
        "@vue/compiler-core": "3.1.2",
        "@vue/shared": "3.1.2"
      }
    },
    "@vue/reactivity": {
      "version": "3.1.2",
      "resolved": "https://nus.geely.com/repository/npm-group/@vue/reactivity/-/reactivity-3.1.2.tgz",
      "integrity": "sha1-ZvpTDdcm0v7yha5V0CEGpyfbRjs=",
      "requires": {
        "@vue/shared": "3.1.2"
      }
    },
    "@vue/runtime-core": {
      "version": "3.1.2",
      "resolved": "https://nus.geely.com/repository/npm-group/@vue/runtime-core/-/runtime-core-3.1.2.tgz",
      "integrity": "sha1-9NvFA8/JoCq18evgAsMyJRIGSlQ=",
      "requires": {
        "@vue/reactivity": "3.1.2",
        "@vue/shared": "3.1.2"
      }
    },
    "@vue/runtime-dom": {
      "version": "3.1.2",
      "resolved": "https://nus.geely.com/repository/npm-group/@vue/runtime-dom/-/runtime-dom-3.1.2.tgz",
      "integrity": "sha1-D9hyTxS8e6ZLbJVNh0qNik/LX+k=",
      "requires": {
        "@vue/runtime-core": "3.1.2",
        "@vue/shared": "3.1.2",
        "csstype": "^2.6.8"
      }
    },
    "@vue/shared": {
      "version": "3.1.2",
      "resolved": "https://nus.geely.com/repository/npm-group/@vue/shared/-/shared-3.1.2.tgz",
      "integrity": "sha1-EGnAvH1vS9FczzpfO+KUUKyjaPk="
    },
    "csstype": {
      "version": "2.6.17",
      "resolved": "https://nus.geely.com/repository/npm-group/csstype/-/csstype-2.6.17.tgz",
      "integrity": "sha1-TPMOuH4dGgBdi2UQ+VKSQT9qHA4="
    },
    "estree-walker": {
      "version": "2.0.2",
      "resolved": "https://nus.geely.com/repository/npm-group/estree-walker/-/estree-walker-2.0.2.tgz",
      "integrity": "sha1-UvAQF4wqTBF6d1fP6UKtt9LaTKw="
    },
    "source-map": {
      "version": "0.6.1",
      "resolved": "https://nus.geely.com/repository/npm-group/source-map/-/source-map-0.6.1.tgz",
      "integrity": "sha1-dHIq8y6WFOnCh6jQu95IteLxomM="
    },
    "to-fast-properties": {
      "version": "2.0.0",
      "resolved": "https://nus.geely.com/repository/npm-group/to-fast-properties/-/to-fast-properties-2.0.0.tgz",
      "integrity": "sha1-3F5pjL0HkmW8c+A3doGk5Og/YW4="
    },
    "typescript": {
      "version": "4.3.5",
      "resolved": "https://nus.geely.com/repository/npm-group/typescript/-/typescript-4.3.5.tgz",
      "integrity": "sha1-TRw3zBbok5c8RaBohrcRMjTxGfQ="
    },
    "vue": {
      "version": "3.1.2",
      "resolved": "https://nus.geely.com/repository/npm-group/vue/-/vue-3.1.2.tgz",
      "integrity": "sha1-ZH+OOUmj1gB3Hcol1QIl3D5ZTGQ=",
      "requires": {
        "@vue/compiler-dom": "3.1.2",
        "@vue/runtime-dom": "3.1.2",
        "@vue/shared": "3.1.2"
      }
    }
  }
}
