{
  "name": "codebase",
  "version": "1.0.0",
  "lockfileVersion": 1,
  "requires": true,
  "dependencies": {
    "@babel/helper-validator-identifier": {
      "version": "7.14.5",
      "resolved": "https://nus.geely.com/repository/npm-group/@babel/helper-validator-identifier/-/helper-validator-identifier-7.14.5.tgz",
      "integrity": "sha1-0PDid8US4Mk4J3+qhaOWjJpEwOg="
    },
    "@babel/parser": {
      "version": "7.14.7",
      "resolved": "https://nus.geely.com/repository/npm-group/@babel/parser/-/parser-7.14.7.tgz",
      "integrity": "sha1-YJlyDIg5yoZaJjfmyFhS6tC9tZU="
    },
    "@babel/types": {
      "version": "7.14.5",
      "resolved": "https://nus.geely.com/repository/npm-group/@babel/types/-/types-7.14.5.tgz",
      "integrity": "sha1-O7mXuoKaIQTO2yBonEpbgSHTg/8=",
      "requires": {
        "@babel/helper-validator-identifier": "^7.14.5",
        "to-fast-properties": "^2.0.0"
      }
    },
    "@vue/compiler-core": {
      "version": "3.1.2",
      "resolved": "https://nus.geely.com/repository/npm-group/@vue/compiler-core/-/compiler-core-3.1.2.tgz",
      "integrity": "sha1-MasdiOFwalx6VF+u62TDG9AQHbA=",
      "requires": {
        "@babel/parser": "^7.12.0",
        "@babel/types": "^7.12.0",
        "@vue/shared": "3.1.2",
        "estree-walker": "^2.0.1",
        "source-map": "^0.6.1"
      }
    },
    "@vue/compiler-dom": {
      "version": "3.1.2",
      "resolved": "https://nus.geely.com/repository/npm-group/@vue/compiler-dom/-/compiler-dom-3.1.2.tgz",
      "integrity": "sha1-dadzG8xdlxgYOjxWwY6ZL3wT57E=",
      "requires": {
        "@vue/compiler-core": "3.1.2",
        "@vue/shared": "3.1.2"
      }
    },
    "@vue/reactivity": {
      "version": "3.1.2",
      "resolved": "https://nus.geely.com/repository/npm-group/@vue/reactivity/-/reactivity-3.1.2.tgz",
      "integrity": "sha1-ZvpTDdcm0v7yha5V0CEGpyfbRjs=",
      "requires": {
        "@vue/shared": "3.1.2"
      }
    },
    "@vue/runtime-core": {
      "version": "3.1.2",
      "resolved": "https://nus.geely.com/repository/npm-group/@vue/runtime-core/-/runtime-core-3.1.2.tgz",
      "integrity": "sha1-9NvFA8/JoCq18evgAsMyJRIGSlQ=",
      "requires": {
        "@vue/reactivity": "3.1.2",
        "@vue/shared": "3.1.2"
      }
    },
    "@vue/runtime-dom": {
      "version": "3.1.2",
      "resolved": "https://nus.geely.com/repository/npm-group/@vue/runtime-dom/-/runtime-dom-3.1.2.tgz",
      "integrity": "sha1-D9hyTxS8e6ZLbJVNh0qNik/LX+k=",
      "requires": {
        "@vue/runtime-core": "3.1.2",
        "@vue/shared": "3.1.2",
        "csstype": "^2.6.8"
      }
    },
    "@vue/shared": {
      "version": "3.1.2",
      "resolved": "https://nus.geely.com/repository/npm-group/@vue/shared/-/shared-3.1.2.tgz",
      "integrity": "sha1-EGnAvH1vS9FczzpfO+KUUKyjaPk="
    },
    "adler-32": {
      "version": "1.2.0",
      "resolved": "https://nus.geely.com/repository/npm-group/adler-32/-/adler-32-1.2.0.tgz",
      "integrity": "sha1-aj5r8KY5ALoVZSgIyxXGgT0aXyU=",
      "dev": true,
      "requires": {
        "exit-on-epipe": "~1.0.1",
        "printj": "~1.1.0"
      }
    },
    "cfb": {
      "version": "1.2.1",
      "resolved": "https://nus.geely.com/repository/npm-group/cfb/-/cfb-1.2.1.tgz",
      "integrity": "sha1-IJQp5MaO/TBkH2/HSy1gKL0gJAI=",
      "dev": true,
      "requires": {
        "adler-32": "~1.3.0",
        "crc-32": "~1.2.0",
        "printj": "~1.3.0"
      },
      "dependencies": {
        "adler-32": {
          "version": "1.3.0",
          "resolved": "https://nus.geely.com/repository/npm-group/adler-32/-/adler-32-1.3.0.tgz",
          "integrity": "sha1-PK0bcc36afbIqR8+NhXTGk/e3HI=",
          "dev": true,
          "requires": {
            "printj": "~1.2.2"
          },
          "dependencies": {
            "printj": {
              "version": "1.2.3",
              "resolved": "https://nus.geely.com/repository/npm-group/printj/-/printj-1.2.3.tgz",
              "integrity": "sha1-LPsrGSoeU4XbvltGZYrDSqgoUIo=",
              "dev": true
            }
          }
        },
        "printj": {
          "version": "1.3.0",
          "resolved": "https://nus.geely.com/repository/npm-group/printj/-/printj-1.3.0.tgz",
          "integrity": "sha1-kBipGKeQ5DcH8QYl1uEBh6Nnz/Y=",
          "dev": true
        }
      }
    },
    "codepage": {
      "version": "1.15.0",
      "resolved": "https://nus.geely.com/repository/npm-group/codepage/-/codepage-1.15.0.tgz",
      "integrity": "sha1-LgBRkCSzlCTsZu6z7AcifmkmGKs=",
      "dev": true
    },
    "commander": {
      "version": "2.17.1",
      "resolved": "https://nus.geely.com/repository/npm-group/commander/-/commander-2.17.1.tgz",
      "integrity": "sha1-vXerfebelCBc6sxy8XFtKfIKd78=",
      "dev": true
    },
    "crc-32": {
      "version": "1.2.0",
      "resolved": "https://nus.geely.com/repository/npm-group/crc-32/-/crc-32-1.2.0.tgz",
      "integrity": "sha1-yy224puIUI4y2d0OwWk+e0Ghggg=",
      "dev": true,
      "requires": {
        "exit-on-epipe": "~1.0.1",
        "printj": "~1.1.0"
      }
    },
    "csstype": {
      "version": "2.6.17",
      "resolved": "https://nus.geely.com/repository/npm-group/csstype/-/csstype-2.6.17.tgz",
      "integrity": "sha1-TPMOuH4dGgBdi2UQ+VKSQT9qHA4="
    },
    "estree-walker": {
      "version": "2.0.2",
      "resolved": "https://nus.geely.com/repository/npm-group/estree-walker/-/estree-walker-2.0.2.tgz",
      "integrity": "sha1-UvAQF4wqTBF6d1fP6UKtt9LaTKw="
    },
    "exit-on-epipe": {
      "version": "1.0.1",
      "resolved": "https://nus.geely.com/repository/npm-group/exit-on-epipe/-/exit-on-epipe-1.0.1.tgz",
      "integrity": "sha1-C92S6H1ShdJn2qgXHQ6wYVlolpI=",
      "dev": true
    },
    "fflate": {
      "version": "0.3.11",
      "resolved": "https://nus.geely.com/repository/npm-group/fflate/-/fflate-0.3.11.tgz",
      "integrity": "sha1-LEQNcYD964GeZImNiFivMnsEKl0=",
      "dev": true
    },
    "frac": {
      "version": "1.1.2",
      "resolved": "https://nus.geely.com/repository/npm-group/frac/-/frac-1.1.2.tgz",
      "integrity": "sha1-PXT39keMiKG1AgMG10fcYxPHTQs=",
      "dev": true
    },
    "printj": {
      "version": "1.1.2",
      "resolved": "https://nus.geely.com/repository/npm-group/printj/-/printj-1.1.2.tgz",
      "integrity": "sha1-2Q3rKXWoufYA+zoclOP0xTx4oiI=",
      "dev": true
    },
    "source-map": {
      "version": "0.6.1",
      "resolved": "https://nus.geely.com/repository/npm-group/source-map/-/source-map-0.6.1.tgz",
      "integrity": "sha1-dHIq8y6WFOnCh6jQu95IteLxomM="
    },
    "ssf": {
      "version": "0.11.2",
      "resolved": "https://nus.geely.com/repository/npm-group/ssf/-/ssf-0.11.2.tgz",
      "integrity": "sha1-C5lpiyN1SNCI/EPN8rcMGnUSwGw=",
      "dev": true,
      "requires": {
        "frac": "~1.1.2"
      }
    },
    "to-fast-properties": {
      "version": "2.0.0",
      "resolved": "https://nus.geely.com/repository/npm-group/to-fast-properties/-/to-fast-properties-2.0.0.tgz",
      "integrity": "sha1-3F5pjL0HkmW8c+A3doGk5Og/YW4="
    },
    "typescript": {
      "version": "4.3.5",
      "resolved": "https://nus.geely.com/repository/npm-group/typescript/-/typescript-4.3.5.tgz",
      "integrity": "sha1-TRw3zBbok5c8RaBohrcRMjTxGfQ="
    },
    "vue": {
      "version": "3.1.2",
      "resolved": "https://nus.geely.com/repository/npm-group/vue/-/vue-3.1.2.tgz",
      "integrity": "sha1-ZH+OOUmj1gB3Hcol1QIl3D5ZTGQ=",
      "requires": {
        "@vue/compiler-dom": "3.1.2",
        "@vue/runtime-dom": "3.1.2",
        "@vue/shared": "3.1.2"
      }
    },
    "wmf": {
      "version": "1.0.2",
      "resolved": "https://nus.geely.com/repository/npm-group/wmf/-/wmf-1.0.2.tgz",
      "integrity": "sha1-fRnWIQcaCMK9xrfmiKnENSmMwto=",
      "dev": true
    },
    "word": {
      "version": "0.3.0",
      "resolved": "https://nus.geely.com/repository/npm-group/word/-/word-0.3.0.tgz",
      "integrity": "sha1-hUIVfk+OhJ9KNjooiZLUdhLbmWE=",
      "dev": true
    },
    "xlsx": {
      "version": "0.17.1",
      "resolved": "https://nus.geely.com/repository/npm-group/xlsx/-/xlsx-0.17.1.tgz",
      "integrity": "sha1-JVdADVlJmDAYMe9gsI3d6A8oQu4=",
      "dev": true,
      "requires": {
        "adler-32": "~1.2.0",
        "cfb": "^1.1.4",
        "codepage": "~1.15.0",
        "commander": "~2.17.1",
        "crc-32": "~1.2.0",
        "exit-on-epipe": "~1.0.1",
        "fflate": "^0.3.8",
        "ssf": "~0.11.2",
        "wmf": "~1.0.1",
        "word": "~0.3.0"
      }
    }
  }
}
